Microsoft Visual Studio Solution File, Format Version 12.00
# Visual Studio 15
VisualStudioVersion = 15.0.26124.0
MinimumVisualStudioVersion = 15.0.26124.0
Project("{FAE04EC0-301F-11D3-BF4B-00C04F79EFBC}") = "CatalogoDeProdutos", "src\CatalogoDeProdutos\CatalogoDeProdutos.csproj", "{EC7672A9-3A7D-4505-8E13-8D20C3789C93}"
EndProject
Global
	GlobalSection(SolutionConfigurationPlatforms) = preSolution
		Debug|Any CPU = Debug|Any CPU
		Release|Any CPU = Release|Any CPU
	EndGlobalSection
	GlobalSection(ProjectConfigurationPlatforms) = postSolution
		{EC7672A9-3A7D-4505-8E13-8D20C3789C93}.Debug|Any CPU.ActiveCfg = Debug|Any CPU
		{EC7672A9-3A7D-4505-8E13-8D20C3789C93}.Debug|Any CPU.Build.0 = Debug|Any CPU
		{EC7672A9-3A7D-4505-8E13-8D20C3789C93}.Release|Any CPU.ActiveCfg = Release|Any CPU
		{EC7672A9-3A7D-4505-8E13-8D20C3789C93}.Release|Any CPU.Build.0 = Release|Any CPU
	EndGlobalSection
	GlobalSection(SolutionProperties) = preSolution
		HideSolutionNode = FALSE
	EndGlobalSection
	GlobalSection(ExtensibilityGlobals) = postSolution
		SolutionGuid = {E2E7665B-F56F-4A9D-A622-AE62ADC94BF4}
	EndGlobalSection
EndGlobal
